
Microsoft Visual Studio Solution File, Format Version 12.00
# Visual Studio Version 16
VisualStudioVersion = 16.0.32126.315
MinimumVisualStudioVersion = 10.0.40219.1
Project("{FAE04EC0-301F-11D3-BF4B-00C04F79EFBC}") = "lab-4-zadanie", "lab-4-zadanie\lab-4-zadanie.csproj", "{AB540BA9-9A86-4616-9C00-0AB33E7BD760}"
EndProject
Global
	GlobalSection(SolutionConfigurationPlatforms) = preSolution
		Debug|Any CPU = Debug|Any CPU
		Release|Any CPU = Release|Any CPU
	EndGlobalSection
	GlobalSection(ProjectConfigurationPlatforms) = postSolution
		{AB540BA9-9A86-4616-9C00-0AB33E7BD760}.Debug|Any CPU.ActiveCfg = Debug|Any CPU
		{AB540BA9-9A86-4616-9C00-0AB33E7BD760}.Debug|Any CPU.Build.0 = Debug|Any CPU
		{AB540BA9-9A86-4616-9C00-0AB33E7BD760}.Release|Any CPU.ActiveCfg = Release|Any CPU
		{AB540BA9-9A86-4616-9C00-0AB33E7BD760}.Release|Any CPU.Build.0 = Release|Any CPU
	EndGlobalSection
	GlobalSection(SolutionProperties) = preSolution
		HideSolutionNode = FALSE
	EndGlobalSection
	GlobalSection(ExtensibilityGlobals) = postSolution
		SolutionGuid = {9E870718-4208-4707-B15C-25A9A8AACDC4}
	EndGlobalSection
EndGlobal
